
Microsoft Visual Studio Solution File, Format Version 12.00
# Visual Studio Version 16
VisualStudioVersion = 16.0.31729.503
MinimumVisualStudioVersion = 10.0.40219.1
Project("{FAE04EC0-301F-11D3-BF4B-00C04F79EFBC}") = "JuegoSanke", "JuegoSanke\JuegoSanke.csproj", "{78CD6D3F-D26F-481C-A9D7-F7D84B7AEB3C}"
EndProject
Global
	GlobalSection(SolutionConfigurationPlatforms) = preSolution
		Debug|Any CPU = Debug|Any CPU
		Release|Any CPU = Release|Any CPU
	EndGlobalSection
	GlobalSection(ProjectConfigurationPlatforms) = postSolution
		{78CD6D3F-D26F-481C-A9D7-F7D84B7AEB3C}.Debug|Any CPU.ActiveCfg = Debug|Any CPU
		{78CD6D3F-D26F-481C-A9D7-F7D84B7AEB3C}.Debug|Any CPU.Build.0 = Debug|Any CPU
		{78CD6D3F-D26F-481C-A9D7-F7D84B7AEB3C}.Release|Any CPU.ActiveCfg = Release|Any CPU
		{78CD6D3F-D26F-481C-A9D7-F7D84B7AEB3C}.Release|Any CPU.Build.0 = Release|Any CPU
	EndGlobalSection
	GlobalSection(SolutionProperties) = preSolution
		HideSolutionNode = FALSE
	EndGlobalSection
	GlobalSection(ExtensibilityGlobals) = postSolution
		SolutionGuid = {2E3D1469-A325-426F-97BD-DC36AB0526A1}
	EndGlobalSection
EndGlobal
